
Microsoft Visual Studio Solution File, Format Version 12.00
# Visual Studio Version 17
VisualStudioVersion = 17.0.31903.59
MinimumVisualStudioVersion = 10.0.40219.1
Project("{2150E333-8FDC-42A3-9474-1A3956D46DE8}") = "src", "src", "{827E0CD3-B72D-47B6-A68D-7590B98EB39B}"
EndProject
Project("{FAE04EC0-301F-11D3-BF4B-00C04F79EFBC}") = "Cua.Core", "src\Cua.Core\Cua.Core.csproj", "{975FF06E-6275-485B-90DF-D245B039BCAB}"
EndProject
Project("{FAE04EC0-301F-11D3-BF4B-00C04F79EFBC}") = "Cua.Web", "src\Cua.Web\Cua.Web.csproj", "{6BCCF912-3868-4A28-A23B-E770D275E982}"
EndProject
Project("{FAE04EC0-301F-11D3-BF4B-00C04F79EFBC}") = "Cua.Engine", "src\Cua.Engine\Cua.Engine.csproj", "{C58A91ED-48F8-4AA6-AC17-9B5B5B352A8A}"
EndProject
Project("{FAE04EC0-301F-11D3-BF4B-00C04F79EFBC}") = "Cua.Cli", "src\Cua.Cli\Cua.Cli.csproj", "{B9018CB4-57CB-4EE2-8859-58FFFD77A6BE}"
EndProject
Project("{FAE04EC0-301F-11D3-BF4B-00C04F79EFBC}") = "Cua.Tests", "tests\Cua.Tests\Cua.Tests.csproj", "{152DF1E0-D6D7-48ED-A2B9-995723D59D78}"
EndProject
Global
	GlobalSection(SolutionConfigurationPlatforms) = preSolution
		Debug|Any CPU = Debug|Any CPU
		Debug|x64 = Debug|x64
		Debug|x86 = Debug|x86
		Release|Any CPU = Release|Any CPU
		Release|x64 = Release|x64
		Release|x86 = Release|x86
	EndGlobalSection
	GlobalSection(ProjectConfigurationPlatforms) = postSolution
		{975FF06E-6275-485B-90DF-D245B039BCAB}.Debug|Any CPU.ActiveCfg = Debug|Any CPU
		{975FF06E-6275-485B-90DF-D245B039BCAB}.Debug|Any CPU.Build.0 = Debug|Any CPU
		{975FF06E-6275-485B-90DF-D245B039BCAB}.Debug|x64.ActiveCfg = Debug|Any CPU
		{975FF06E-6275-485B-90DF-D245B039BCAB}.Debug|x64.Build.0 = Debug|Any CPU
		{975FF06E-6275-485B-90DF-D245B039BCAB}.Debug|x86.ActiveCfg = Debug|Any CPU
		{975FF06E-6275-485B-90DF-D245B039BCAB}.Debug|x86.Build.0 = Debug|Any CPU
		{975FF06E-6275-485B-90DF-D245B039BCAB}.Release|Any CPU.ActiveCfg = Release|Any CPU
		{975FF06E-6275-485B-90DF-D245B039BCAB}.Release|Any CPU.Build.0 = Release|Any CPU
		{975FF06E-6275-485B-90DF-D245B039BCAB}.Release|x64.ActiveCfg = Release|Any CPU
		{975FF06E-6275-485B-90DF-D245B039BCAB}.Release|x64.Build.0 = Release|Any CPU
		{975FF06E-6275-485B-90DF-D245B039BCAB}.Release|x86.ActiveCfg = Release|Any CPU
		{975FF06E-6275-485B-90DF-D245B039BCAB}.Release|x86.Build.0 = Release|Any CPU
		{6BCCF912-3868-4A28-A23B-E770D275E982}.Debug|Any CPU.ActiveCfg = Debug|Any CPU
		{6BCCF912-3868-4A28-A23B-E770D275E982}.Debug|Any CPU.Build.0 = Debug|Any CPU
		{6BCCF912-3868-4A28-A23B-E770D275E982}.Debug|x64.ActiveCfg = Debug|Any CPU
		{6BCCF912-3868-4A28-A23B-E770D275E982}.Debug|x64.Build.0 = Debug|Any CPU
		{6BCCF912-3868-4A28-A23B-E770D275E982}.Debug|x86.ActiveCfg = Debug|Any CPU
		{6BCCF912-3868-4A28-A23B-E770D275E982}.Debug|x86.Build.0 = Debug|Any CPU
		{6BCCF912-3868-4A28-A23B-E770D275E982}.Release|Any CPU.ActiveCfg = Release|Any CPU
		{6BCCF912-3868-4A28-A23B-E770D275E982}.Release|Any CPU.Build.0 = Release|Any CPU
		{6BCCF912-3868-4A28-A23B-E770D275E982}.Release|x64.ActiveCfg = Release|Any CPU
		{6BCCF912-3868-4A28-A23B-E770D275E982}.Release|x64.Build.0 = Release|Any CPU
		{6BCCF912-3868-4A28-A23B-E770D275E982}.Release|x86.ActiveCfg = Release|Any CPU
		{6BCCF912-3868-4A28-A23B-E770D275E982}.Release|x86.Build.0 = Release|Any CPU
		{C58A91ED-48F8-4AA6-AC17-9B5B5B352A8A}.Debug|Any CPU.ActiveCfg = Debug|Any CPU
		{C58A91ED-48F8-4AA6-AC17-9B5B5B352A8A}.Debug|Any CPU.Build.0 = Debug|Any CPU
		{C58A91ED-48F8-4AA6-AC17-9B5B5B352A8A}.Debug|x64.ActiveCfg = Debug|Any CPU
		{C58A91ED-48F8-4AA6-AC17-9B5B5B352A8A}.Debug|x64.Build.0 = Debug|Any CPU
		{C58A91ED-48F8-4AA6-AC17-9B5B5B352A8A}.Debug|x86.ActiveCfg = Debug|Any CPU
		{C58A91ED-48F8-4AA6-AC17-9B5B5B352A8A}.Debug|x86.Build.0 = Debug|Any CPU
		{C58A91ED-48F8-4AA6-AC17-9B5B5B352A8A}.Release|Any CPU.ActiveCfg = Release|Any CPU
		{C58A91ED-48F8-4AA6-AC17-9B5B5B352A8A}.Release|Any CPU.Build.0 = Release|Any CPU
		{C58A91ED-48F8-4AA6-AC17-9B5B5B352A8A}.Release|x64.ActiveCfg = Release|Any CPU
		{C58A91ED-48F8-4AA6-AC17-9B5B5B352A8A}.Release|x64.Build.0 = Release|Any CPU
		{C58A91ED-48F8-4AA6-AC17-9B5B5B352A8A}.Release|x86.ActiveCfg = Release|Any CPU
		{C58A91ED-48F8-4AA6-AC17-9B5B5B352A8A}.Release|x86.Build.0 = Release|Any CPU
		{B9018CB4-57CB-4EE2-8859-58FFFD77A6BE}.Debug|Any CPU.ActiveCfg = Debug|Any CPU
		{B9018CB4-57CB-4EE2-8859-58FFFD77A6BE}.Debug|Any CPU.Build.0 = Debug|Any CPU
		{B9018CB4-57CB-4EE2-8859-58FFFD77A6BE}.Debug|x64.ActiveCfg = Debug|Any CPU
		{B9018CB4-57CB-4EE2-8859-58FFFD77A6BE}.Debug|x64.Build.0 = Debug|Any CPU
		{B9018CB4-57CB-4EE2-8859-58FFFD77A6BE}.Debug|x86.ActiveCfg = Debug|Any CPU
		{B9018CB4-57CB-4EE2-8859-58FFFD77A6BE}.Debug|x86.Build.0 = Debug|Any CPU
		{B9018CB4-57CB-4EE2-8859-58FFFD77A6BE}.Release|Any CPU.ActiveCfg = Release|Any CPU
		{B9018CB4-57CB-4EE2-8859-58FFFD77A6BE}.Release|Any CPU.Build.0 = Release|Any CPU
		{B9018CB4-57CB-4EE2-8859-58FFFD77A6BE}.Release|x64.ActiveCfg = Release|Any CPU
		{B9018CB4-57CB-4EE2-8859-58FFFD77A6BE}.Release|x64.Build.0 = Release|Any CPU
		{B9018CB4-57CB-4EE2-8859-58FFFD77A6BE}.Release|x86.ActiveCfg = Release|Any CPU
		{B9018CB4-57CB-4EE2-8859-58FFFD77A6BE}.Release|x86.Build.0 = Release|Any CPU
		{152DF1E0-D6D7-48ED-A2B9-995723D59D78}.Debug|Any CPU.ActiveCfg = Debug|Any CPU
		{152DF1E0-D6D7-48ED-A2B9-995723D59D78}.Debug|Any CPU.Build.0 = Debug|Any CPU
		{152DF1E0-D6D7-48ED-A2B9-995723D59D78}.Debug|x64.ActiveCfg = Debug|Any CPU
		{152DF1E0-D6D7-48ED-A2B9-995723D59D78}.Debug|x64.Build.0 = Debug|Any CPU
		{152DF1E0-D6D7-48ED-A2B9-995723D59D78}.Debug|x86.ActiveCfg = Debug|Any CPU
		{152DF1E0-D6D7-48ED-A2B9-995723D59D78}.Debug|x86.Build.0 = Debug|Any CPU
		{152DF1E0-D6D7-48ED-A2B9-995723D59D78}.Release|Any CPU.ActiveCfg = Release|Any CPU
		{152DF1E0-D6D7-48ED-A2B9-995723D59D78}.Release|Any CPU.Build.0 = Release|Any CPU
		{152DF1E0-D6D7-48ED-A2B9-995723D59D78}.Release|x64.ActiveCfg = Release|Any CPU
		{152DF1E0-D6D7-48ED-A2B9-995723D59D78}.Release|x64.Build.0 = Release|Any CPU
		{152DF1E0-D6D7-48ED-A2B9-995723D59D78}.Release|x86.ActiveCfg = Release|Any CPU
		{152DF1E0-D6D7-48ED-A2B9-995723D59D78}.Release|x86.Build.0 = Release|Any CPU
	EndGlobalSection
	GlobalSection(SolutionProperties) = preSolution
		HideSolutionNode = FALSE
	EndGlobalSection
	GlobalSection(NestedProjects) = preSolution
		{975FF06E-6275-485B-90DF-D245B039BCAB} = {827E0CD3-B72D-47B6-A68D-7590B98EB39B}
		{6BCCF912-3868-4A28-A23B-E770D275E982} = {827E0CD3-B72D-47B6-A68D-7590B98EB39B}
		{C58A91ED-48F8-4AA6-AC17-9B5B5B352A8A} = {827E0CD3-B72D-47B6-A68D-7590B98EB39B}
		{B9018CB4-57CB-4EE2-8859-58FFFD77A6BE} = {827E0CD3-B72D-47B6-A68D-7590B98EB39B}
		{152DF1E0-D6D7-48ED-A2B9-995723D59D78} = {827E0CD3-B72D-47B6-A68D-7590B98EB39B}
	EndGlobalSection
EndGlobal
